
Microsoft Visual Studio Solution File, Format Version 12.00
# Visual Studio Version 16
VisualStudioVersion = 16.0.28917.181
MinimumVisualStudioVersion = 10.0.40219.1
Project("{FAE04EC0-301F-11D3-BF4B-00C04F79EFBC}") = "Normal-2_27", "Normal-2_27\Normal-2_27.csproj", "{06111E0F-C603-4791-A212-9B6043557EF0}"
EndProject
Global
	GlobalSection(SolutionConfigurationPlatforms) = preSolution
		Debug|Any CPU = Debug|Any CPU
		Release|Any CPU = Release|Any CPU
	EndGlobalSection
	GlobalSection(ProjectConfigurationPlatforms) = postSolution
		{06111E0F-C603-4791-A212-9B6043557EF0}.Debug|Any CPU.ActiveCfg = Debug|Any CPU
		{06111E0F-C603-4791-A212-9B6043557EF0}.Debug|Any CPU.Build.0 = Debug|Any CPU
		{06111E0F-C603-4791-A212-9B6043557EF0}.Release|Any CPU.ActiveCfg = Release|Any CPU
		{06111E0F-C603-4791-A212-9B6043557EF0}.Release|Any CPU.Build.0 = Release|Any CPU
	EndGlobalSection
	GlobalSection(SolutionProperties) = preSolution
		HideSolutionNode = FALSE
	EndGlobalSection
	GlobalSection(ExtensibilityGlobals) = postSolution
		SolutionGuid = {543F8BC2-7F46-48E0-A4CE-BE34C6A517C9}
	EndGlobalSection
EndGlobal
